schema: '2.0'
stages:
  prepare:
    cmd: python src/prepare.py
    deps:
    - path: src/prepare.py
      hash: md5
      md5: ff108951d9c236f6ddc8d83e3d9decb6
      size: 231
    outs:
    - path: data/raw
      hash: md5
      md5: f2c992c5dfd6f6df7526bcb2cae0b8c1.dir
      size: 54950974
      nfiles: 1
  preprocess:
    cmd: python src/preprocess.py
    deps:
    - path: data/raw
      hash: md5
      md5: f2c992c5dfd6f6df7526bcb2cae0b8c1.dir
      size: 54950974
      nfiles: 1
    - path: src/preprocess.py
      hash: md5
      md5: 1f39d0cdc314cfc9e24d2b23e19c6bad
      size: 538
    params:
      params.yaml:
        preprocess.seed: 42
        preprocess.test_size: 0.1
    outs:
    - path: data/processed
      hash: md5
      md5: 65c7b3b69a7f1d07aa5979ff5f5e33f8.dir
      size: 219591446
      nfiles: 1
  train:
    cmd: python src/train.py
    deps:
    - path: data/processed
      hash: md5
      md5: 0439797a16b00b5c55fe5ba9b335c90b.dir
      size: 219591446
      nfiles: 1
    - path: src/train.py
      hash: md5
      md5: d63db1fba782f64b019370a5a3e1681b
      size: 828
    params:
      params.yaml:
        train:
          dense_units: 256
          dropout_rate: 0.3
          learning_rate: 0.001
          epochs: 10
          batch_size: 64
    outs:
    - path: models
      hash: md5
      md5: 07be2e1a96aa55fc045c4c2a8305c104.dir
      size: 2467700
      nfiles: 2
  evaluate:
    cmd: python src/evaluate.py
    deps:
    - path: data/processed
      hash: md5
      md5: 0439797a16b00b5c55fe5ba9b335c90b.dir
      size: 219591446
      nfiles: 1
    - path: models/model.h5
      hash: md5
      md5: fe1c8b496e7c7fa142cbccf5108db333
      size: 2466904
    - path: src/evaluate.py
      hash: md5
      md5: da53d8733c43b55950945b3f86c62a52
      size: 590
    outs:
    - path: confusion_matrix.png
      hash: md5
      md5: 60c8311459fa719693afae1c68d31ff9
      size: 46924
    - path: metrics.json
      hash: md5
      md5: 22fc451b629b8f6f7bf390700436d36b
      size: 70
